
Microsoft Visual Studio Solution File, Format Version 12.00
# Visual Studio 14
VisualStudioVersion = 14.0.24720.0
MinimumVisualStudioVersion = 10.0.40219.1
Project("{FAE04EC0-301F-11D3-BF4B-00C04F79EFBC}") = "SodiumPong", "SodiumPong\SodiumPong.csproj", "{493436EA-F2EE-4A4F-926E-8BB1E4D02F0D}"
EndProject
Project("{FAE04EC0-301F-11D3-BF4B-00C04F79EFBC}") = "LiveScripting", "LiveScripting\LiveScripting.csproj", "{C69BF05E-08C3-4A88-8ED7-BE351EB03BBC}"
EndProject
Project("{FAE04EC0-301F-11D3-BF4B-00C04F79EFBC}") = "DrawingVisualTest", "DrawingVisualText\DrawingVisualTest.csproj", "{12D9EB19-9ECB-447F-8A54-E4BFBBA2835D}"
EndProject
Global
	GlobalSection(SolutionConfigurationPlatforms) = preSolution
		Debug|Any CPU = Debug|Any CPU
		Release|Any CPU = Release|Any CPU
	EndGlobalSection
	GlobalSection(ProjectConfigurationPlatforms) = postSolution
		{493436EA-F2EE-4A4F-926E-8BB1E4D02F0D}.Debug|Any CPU.ActiveCfg = Debug|Any CPU
		{493436EA-F2EE-4A4F-926E-8BB1E4D02F0D}.Debug|Any CPU.Build.0 = Debug|Any CPU
		{493436EA-F2EE-4A4F-926E-8BB1E4D02F0D}.Release|Any CPU.ActiveCfg = Release|Any CPU
		{493436EA-F2EE-4A4F-926E-8BB1E4D02F0D}.Release|Any CPU.Build.0 = Release|Any CPU
		{C69BF05E-08C3-4A88-8ED7-BE351EB03BBC}.Debug|Any CPU.ActiveCfg = Debug|Any CPU
		{C69BF05E-08C3-4A88-8ED7-BE351EB03BBC}.Debug|Any CPU.Build.0 = Debug|Any CPU
		{C69BF05E-08C3-4A88-8ED7-BE351EB03BBC}.Release|Any CPU.ActiveCfg = Release|Any CPU
		{C69BF05E-08C3-4A88-8ED7-BE351EB03BBC}.Release|Any CPU.Build.0 = Release|Any CPU
		{12D9EB19-9ECB-447F-8A54-E4BFBBA2835D}.Debug|Any CPU.ActiveCfg = Debug|Any CPU
		{12D9EB19-9ECB-447F-8A54-E4BFBBA2835D}.Debug|Any CPU.Build.0 = Debug|Any CPU
		{12D9EB19-9ECB-447F-8A54-E4BFBBA2835D}.Release|Any CPU.ActiveCfg = Release|Any CPU
		{12D9EB19-9ECB-447F-8A54-E4BFBBA2835D}.Release|Any CPU.Build.0 = Release|Any CPU
	EndGlobalSection
	GlobalSection(SolutionProperties) = preSolution
		HideSolutionNode = FALSE
	EndGlobalSection
EndGlobal
